
Microsoft Visual Studio Solution File, Format Version 12.00
# Visual Studio 15
VisualStudioVersion = 15.0.27428.2005
MinimumVisualStudioVersion = 10.0.40219.1
Project("{FAE04EC0-301F-11D3-BF4B-00C04F79EFBC}") = "RekomendacjaEURO", "RekomendacjaEURO\RekomendacjaEURO.csproj", "{37799C0D-6335-4B64-AC3C-0FC29C8C6563}"
EndProject
Project("{FAE04EC0-301F-11D3-BF4B-00C04F79EFBC}") = "RekomendacjaEURO.Tests", "RekomendacjaEURO.Tests\RekomendacjaEURO.Tests.csproj", "{61B39858-422F-4605-9C25-C2CC6043F958}"
EndProject
Global
	GlobalSection(SolutionConfigurationPlatforms) = preSolution
		Debug|Any CPU = Debug|Any CPU
		Release|Any CPU = Release|Any CPU
	EndGlobalSection
	GlobalSection(ProjectConfigurationPlatforms) = postSolution
		{37799C0D-6335-4B64-AC3C-0FC29C8C6563}.Debug|Any CPU.ActiveCfg = Debug|Any CPU
		{37799C0D-6335-4B64-AC3C-0FC29C8C6563}.Debug|Any CPU.Build.0 = Debug|Any CPU
		{37799C0D-6335-4B64-AC3C-0FC29C8C6563}.Release|Any CPU.ActiveCfg = Release|Any CPU
		{37799C0D-6335-4B64-AC3C-0FC29C8C6563}.Release|Any CPU.Build.0 = Release|Any CPU
		{61B39858-422F-4605-9C25-C2CC6043F958}.Debug|Any CPU.ActiveCfg = Debug|Any CPU
		{61B39858-422F-4605-9C25-C2CC6043F958}.Debug|Any CPU.Build.0 = Debug|Any CPU
		{61B39858-422F-4605-9C25-C2CC6043F958}.Release|Any CPU.ActiveCfg = Release|Any CPU
		{61B39858-422F-4605-9C25-C2CC6043F958}.Release|Any CPU.Build.0 = Release|Any CPU
	EndGlobalSection
	GlobalSection(SolutionProperties) = preSolution
		HideSolutionNode = FALSE
	EndGlobalSection
	GlobalSection(ExtensibilityGlobals) = postSolution
		SolutionGuid = {CEB2DF18-798D-43F9-8F2B-F4935F458B2D}
	EndGlobalSection
EndGlobal
